# This file is generated by running "yarn install" inside your project.
# Manual changes might be lost - proceed with caution!

__metadata:
  version: 4
  cacheKey: 8

"@types/aws-lambda@npm:^8.10.84":
  version: 8.10.84
  resolution: "@types/aws-lambda@npm:8.10.84"
  checksum: c4013fd6f1a10f3856dbdde839009dbfba93d2157f61ea38eccfa74dac0ea96f16da8044c473a0cb442d5dce148a22f3219d993bf41be26c470d398440ca9151
  languageName: node
  linkType: hard

"@types/node@npm:14.17.6":
  version: 14.17.6
  resolution: "@types/node@npm:14.17.6"
  checksum: 19b11f3c49689d1ffd2b7b534a49ab7daca18ce702cce9d9b5d28d60e79de94367339217f602053d0353170a9e02f7ad2d5cd796200977dc176d6d7ba376cf09
  languageName: node
  linkType: hard

"@types/uglify-js@npm:^3.13.1":
  version: 3.13.1
  resolution: "@types/uglify-js@npm:3.13.1"
  dependencies:
    source-map: ^0.6.1
  checksum: def36fd2c698a33d8f67f5e21aab926eb9bda2d7951eab544941e1feb1231f020ff1c210d840dcc0fc9f07b5d22ef8b566887ddec9753b8b9f7223cceaa70993
  languageName: node
  linkType: hard

"lambda-project@workspace:.":
  version: 0.0.0-use.local
  resolution: "lambda-project@workspace:."
  languageName: unknown
  linkType: soft

"lambda@workspace:packages/lambda":
  version: 0.0.0-use.local
  resolution: "lambda@workspace:packages/lambda"
  dependencies:
    "@types/aws-lambda": ^8.10.84
    "@types/node": 14.17.6
    lib: 1.0.0
    typescript: ^4.4.4
  languageName: unknown
  linkType: soft

"lib@1.0.0, lib@workspace:packages/lib":
  version: 0.0.0-use.local
  resolution: "lib@workspace:packages/lib"
  dependencies:
    "@types/uglify-js": ^3.13.1
    typescript: ^4.4.4
    uglify-js: ^3.14.2
  languageName: unknown
  linkType: soft

"source-map@npm:^0.6.1":
  version: 0.6.1
  resolution: "source-map@npm:0.6.1"
  checksum: 59ce8640cf3f3124f64ac289012c2b8bd377c238e316fb323ea22fbfe83da07d81e000071d7242cad7a23cd91c7de98e4df8830ec3f133cb6133a5f6e9f67bc2
  languageName: node
  linkType: hard

typescript@^4.4.4:
  version: 4.4.4
  resolution: "typescript@npm:4.4.4"
  bin:
    tsc: bin/tsc
    tsserver: bin/tsserver
  checksum: 89ecb8436bb48ef5594d49289f5f89103071716b6e4844278f4fb3362856e31203e187a9c76d205c3f0b674d221a058fd28310dbcbcf5d95e9a57229bb5203f1
  languageName: node
  linkType: hard

"typescript@patch:typescript@^4.4.4#~builtin<compat/typescript>":
  version: 4.4.4
  resolution: "typescript@patch:typescript@npm%3A4.4.4#~builtin<compat/typescript>::version=4.4.4&hash=32657b"
  bin:
    tsc: bin/tsc
    tsserver: bin/tsserver
  checksum: c97c33903f1eb4f9e178649befdfc859d93157db1eccd1e521e84976ec6861db53412d8018e5e4c5d09268771c65498d42caa64bd881878346c3644f6b7cd202
  languageName: node
  linkType: hard

"uglify-js@npm:^3.14.2":
  version: 3.14.2
  resolution: "uglify-js@npm:3.14.2"
  bin:
    uglifyjs: bin/uglifyjs
  checksum: 4d8e5c63b2c0455b598cc09ade538cd4fe6d68cb46a9bc563464d749650047592d96aff5a283c1c29a0c27a6ce8f9eb0b3a33525b3e7555b841a53b2b32d6219
  languageName: node
  linkType: hard
